PODS:
  - ASIHTTPRequest (1.8.2):
    - ASIHTTPRequest/ASIWebPageRequest
    - ASIHTTPRequest/CloudFiles
    - ASIHTTPRequest/Core
    - ASIHTTPRequest/S3
  - ASIHTTPRequest/ASIWebPageRequest (1.8.2):
    - ASIHTTPRequest/Core
  - ASIHTTPRequest/CloudFiles (1.8.2):
    - ASIHTTPRequest/Core
  - ASIHTTPRequest/Core (1.8.2):
    - Reachability
  - ASIHTTPRequest/S3 (1.8.2):
    - ASIHTTPRequest/Core
  - EGOCache (2.1)
  - FMDB (2.4):
    - FMDB/standard
  - FMDB/common (2.4)
  - FMDB/standard (2.4):
    - FMDB/common
  - IBActionSheet (0.0.1)
  - JSONKit (1.5pre)
  - MBProgressHUD (0.9)
  - MBProgressHUDExtensions (0.0.1):
    - MBProgressHUD (~> 0.4)
  - pop (1.0.7)
  - Reachability (3.1.1)
  - RegexKitLite (4.0)
  - SDWebImage (3.7.1):
    - SDWebImage/Core
  - SDWebImage/Core (3.7.1)

DEPENDENCIES:
  - ASIHTTPRequest (~> 1.8.2)
  - EGOCache (~> 2.1)
  - FMDB (~> 2.4)
  - IBActionSheet (~> 0.0.1)
  - JSONKit (~> 1.5pre)
  - MBProgressHUD (~> 0.9)
  - MBProgressHUDExtensions (~> 0.0.1)
  - pop
  - RegexKitLite (~> 4.0)
  - SDWebImage (~> 3.7.1)

SPEC CHECKSUMS:
  ASIHTTPRequest: 2c8335b49410c0e2ad42829c438e74d454b77590
  EGOCache: bf414333c425fe47f5182351d1dd47ebf72d8352
  FMDB: 0b2fa25e5264ef177973c0cb8c02c711107979aa
  IBActionSheet: 9af10a1fb8f92a1822801613e87a9ac724dd7faf
  JSONKit: efef3bbd3372ff33f96b9c6f34cf4fe18e74ab69
  MBProgressHUD: 2038dbcf3dce73215abed6001657043d53aa79a8
  MBProgressHUDExtensions: 7ec6088776ed623bcfa93b420b35e69d318b858c
  pop: 2f14a1ea61339767af9e66741b418c831b3844df
  Reachability: 8e9635e3cb4f98e7f825e51147f677ecc694d0e7
  RegexKitLite: c0e4c12e6e7de0769f3a3ed679f0f61604170661
  SDWebImage: 116e88633b5b416ea0ca4b334a4ac59cf72dd38d

COCOAPODS: 0.34.1
